
Microsoft Visual Studio Solution File, Format Version 12.00
# Visual Studio Version 17
VisualStudioVersion = 17.4.33110.190
MinimumVisualStudioVersion = 10.0.40219.1
Project("{FAE04EC0-301F-11D3-BF4B-00C04F79EFBC}") = "RabbitMQ.publisher", "RabbitMQ.publisher\RabbitMQ.publisher.csproj", "{56CBC9D7-660F-4863-A534-97A4E2E5E9B6}"
EndProject
Project("{FAE04EC0-301F-11D3-BF4B-00C04F79EFBC}") = "RabbitMQ.subscriber", "RabbitMQ.subscriber\RabbitMQ.subscriber.csproj", "{846D76B2-BBD8-4F4F-8E79-81DFAD8EADC5}"
EndProject
Global
	GlobalSection(SolutionConfigurationPlatforms) = preSolution
		Debug|Any CPU = Debug|Any CPU
		Release|Any CPU = Release|Any CPU
	EndGlobalSection
	GlobalSection(ProjectConfigurationPlatforms) = postSolution
		{56CBC9D7-660F-4863-A534-97A4E2E5E9B6}.Debug|Any CPU.ActiveCfg = Debug|Any CPU
		{56CBC9D7-660F-4863-A534-97A4E2E5E9B6}.Debug|Any CPU.Build.0 = Debug|Any CPU
		{56CBC9D7-660F-4863-A534-97A4E2E5E9B6}.Release|Any CPU.ActiveCfg = Release|Any CPU
		{56CBC9D7-660F-4863-A534-97A4E2E5E9B6}.Release|Any CPU.Build.0 = Release|Any CPU
		{846D76B2-BBD8-4F4F-8E79-81DFAD8EADC5}.Debug|Any CPU.ActiveCfg = Debug|Any CPU
		{846D76B2-BBD8-4F4F-8E79-81DFAD8EADC5}.Debug|Any CPU.Build.0 = Debug|Any CPU
		{846D76B2-BBD8-4F4F-8E79-81DFAD8EADC5}.Release|Any CPU.ActiveCfg = Release|Any CPU
		{846D76B2-BBD8-4F4F-8E79-81DFAD8EADC5}.Release|Any CPU.Build.0 = Release|Any CPU
	EndGlobalSection
	GlobalSection(SolutionProperties) = preSolution
		HideSolutionNode = FALSE
	EndGlobalSection
	GlobalSection(ExtensibilityGlobals) = postSolution
		SolutionGuid = {AE1C2F86-FC89-4889-BFBD-7D8910DB85E6}
	EndGlobalSection
EndGlobal
